
Microsoft Visual Studio Solution File, Format Version 12.00
# Visual Studio 2012
Project("{FAE04EC0-301F-11D3-BF4B-00C04F79EFBC}") = "01.Vegetable_exchange", "01.Vegetable_exchange.csproj", "{E78CE960-4191-4DD9-B7C8-0E093CF4AB91}"
EndProject
Project("{FAE04EC0-301F-11D3-BF4B-00C04F79EFBC}") = "02.Pipes_in_the_pool", "02.Pipes_in_the_pool\02.Pipes_in_the_pool.csproj", "{3A448CB0-AAF7-4307-9415-EC5386AB4D85}"
EndProject
Project("{FAE04EC0-301F-11D3-BF4B-00C04F79EFBC}") = "03.Journey", "03.Journey\03.Journey.csproj", "{0BBE9B71-7127-4D34-9222-08BE242D6B2C}"
EndProject
Project("{FAE04EC0-301F-11D3-BF4B-00C04F79EFBC}") = "04.Division_without_residue", "04.Division_without_residue\04.Division_without_residue.csproj", "{B45420D4-F1B8-4049-B959-8327C8C8162E}"
EndProject
Project("{FAE04EC0-301F-11D3-BF4B-00C04F79EFBC}") = "05.Butterfly", "05.Butterfly\05.Butterfly.csproj", "{3C035F6A-DF78-4711-8645-E544D146D573}"
EndProject
Project("{FAE04EC0-301F-11D3-BF4B-00C04F79EFBC}") = "06.Magic_numbers", "06.Magic_numbers\06.Magic_numbers.csproj", "{674B5EF0-88D5-44EA-8418-38356E181FD6}"
EndProject
Global
	GlobalSection(SolutionConfigurationPlatforms) = preSolution
		Debug|x86 = Debug|x86
		Release|x86 = Release|x86
	EndGlobalSection
	GlobalSection(ProjectConfigurationPlatforms) = postSolution
		{E78CE960-4191-4DD9-B7C8-0E093CF4AB91}.Debug|x86.ActiveCfg = Debug|x86
		{E78CE960-4191-4DD9-B7C8-0E093CF4AB91}.Debug|x86.Build.0 = Debug|x86
		{E78CE960-4191-4DD9-B7C8-0E093CF4AB91}.Release|x86.ActiveCfg = Release|x86
		{E78CE960-4191-4DD9-B7C8-0E093CF4AB91}.Release|x86.Build.0 = Release|x86
		{3A448CB0-AAF7-4307-9415-EC5386AB4D85}.Debug|x86.ActiveCfg = Debug|x86
		{3A448CB0-AAF7-4307-9415-EC5386AB4D85}.Debug|x86.Build.0 = Debug|x86
		{3A448CB0-AAF7-4307-9415-EC5386AB4D85}.Release|x86.ActiveCfg = Release|x86
		{3A448CB0-AAF7-4307-9415-EC5386AB4D85}.Release|x86.Build.0 = Release|x86
		{0BBE9B71-7127-4D34-9222-08BE242D6B2C}.Debug|x86.ActiveCfg = Debug|x86
		{0BBE9B71-7127-4D34-9222-08BE242D6B2C}.Debug|x86.Build.0 = Debug|x86
		{0BBE9B71-7127-4D34-9222-08BE242D6B2C}.Release|x86.ActiveCfg = Release|x86
		{0BBE9B71-7127-4D34-9222-08BE242D6B2C}.Release|x86.Build.0 = Release|x86
		{B45420D4-F1B8-4049-B959-8327C8C8162E}.Debug|x86.ActiveCfg = Debug|x86
		{B45420D4-F1B8-4049-B959-8327C8C8162E}.Debug|x86.Build.0 = Debug|x86
		{B45420D4-F1B8-4049-B959-8327C8C8162E}.Release|x86.ActiveCfg = Release|x86
		{B45420D4-F1B8-4049-B959-8327C8C8162E}.Release|x86.Build.0 = Release|x86
		{3C035F6A-DF78-4711-8645-E544D146D573}.Debug|x86.ActiveCfg = Debug|x86
		{3C035F6A-DF78-4711-8645-E544D146D573}.Debug|x86.Build.0 = Debug|x86
		{3C035F6A-DF78-4711-8645-E544D146D573}.Release|x86.ActiveCfg = Release|x86
		{3C035F6A-DF78-4711-8645-E544D146D573}.Release|x86.Build.0 = Release|x86
		{674B5EF0-88D5-44EA-8418-38356E181FD6}.Debug|x86.ActiveCfg = Debug|x86
		{674B5EF0-88D5-44EA-8418-38356E181FD6}.Debug|x86.Build.0 = Debug|x86
		{674B5EF0-88D5-44EA-8418-38356E181FD6}.Release|x86.ActiveCfg = Release|x86
		{674B5EF0-88D5-44EA-8418-38356E181FD6}.Release|x86.Build.0 = Release|x86
	EndGlobalSection
EndGlobal
